# THIS IS AN AUTOGENERATED FILE. DO NOT EDIT THIS FILE DIRECTLY.
# yarn lockfile v1


"@tauri-apps/api@^1.0.0-rc.0":
  version "1.0.0-rc.0"
  resolved "https://registry.yarnpkg.com/@tauri-apps/api/-/api-1.0.0-rc.0.tgz#f9fa469923591a6e8294ffe906bf886ace2cb4d0"
  integrity sha512-BOREst3Nq931RQTqNT5gbBw8E7wpjEr4PhSviAJwIWtKi3KGRxY5TmWyMO4j3kKmsZQQVoZ4dPwI2pQfNJYtKw==
  dependencies:
    type-fest "2.11.2"

"@tauri-apps/cli-darwin-arm64@1.0.0-rc.0":
  version "1.0.0-rc.0"
  resolved "https://registry.yarnpkg.com/@tauri-apps/cli-darwin-arm64/-/cli-darwin-arm64-1.0.0-rc.0.tgz#64000ca97e18a9c16e903e286da68e1c94180ae7"
  integrity sha512-y8gunadwXVF2AIbjNiLjhd8HQx8zT+RQKxK6/ilngf1oaxG7EqV3cKBdl/A59RA2p+6JZOrg4OYimEGxEIplFQ==

"@tauri-apps/cli-darwin-x64@1.0.0-rc.0":
  version "1.0.0-rc.0"
  resolved "https://registry.yarnpkg.com/@tauri-apps/cli-darwin-x64/-/cli-darwin-x64-1.0.0-rc.0.tgz#81da5441cf239555a4dec2e8adff02839776bba0"
  integrity sha512-nNhuqw+JcGj/cj34ccchMiX6J6j1JaK3tY8Mp2WNNpPx+waqYPRAEocjfOeox543rwnHKIjt0L+gAhbIxAVEkA==

"@tauri-apps/cli-linux-arm-gnueabihf@1.0.0-rc.0":
  version "1.0.0-rc.0"
  resolved "https://registry.yarnpkg.com/@tauri-apps/cli-linux-arm-gnueabihf/-/cli-linux-arm-gnueabihf-1.0.0-rc.0.tgz#6dc346253330e1dd7e2958a63414f2464359192b"
  integrity sha512-oyJbDXhnxZo2da8aTiArmqDXGct0hOC86zSnRJ8kbIUFQSf7FTGlcHk3y5NoO02tsfLw8K/HAJMHdygl0dJrTA==

"@tauri-apps/cli-linux-arm64-gnu@1.0.0-rc.0":
  version "1.0.0-rc.0"
  resolved "https://registry.yarnpkg.com/@tauri-apps/cli-linux-arm64-gnu/-/cli-linux-arm64-gnu-1.0.0-rc.0.tgz#d4881b0d4e95f39ffac1be05cdd5ff0eb03929d4"
  integrity sha512-59jWNFb5qZbE6RdTqHkfdb+ODkr3msn/2kMEKjfH0ijAaoUl00DoBmehzLagadzsMT7njeMotgsprPTckpEuQQ==

"@tauri-apps/cli-linux-arm64-musl@1.0.0-rc.0":
  version "1.0.0-rc.0"
  resolved "https://registry.yarnpkg.com/@tauri-apps/cli-linux-arm64-musl/-/cli-linux-arm64-musl-1.0.0-rc.0.tgz#49851fe4c9ae1dc2531a0bf770f99e8fc9819307"
  integrity sha512-cml02YLdjCCfhrHpMvbmdd6FQ3nHBTgavWGke1hRxI6Cq5fXtN+s7Yx9g+giGRBXV0FmFK0fdGXHVxGA4yWkmQ==

"@tauri-apps/cli-linux-x64-gnu@1.0.0-rc.0":
  version "1.0.0-rc.0"
  resolved "https://registry.yarnpkg.com/@tauri-apps/cli-linux-x64-gnu/-/cli-linux-x64-gnu-1.0.0-rc.0.tgz#c89a78f0b99248c40234d21b1a4e52d6a8217a4c"
  integrity sha512-Agm9Ugcd3AWkMg6V4ktI9bRlU8REsSXCoYd+NRNzQ2KsAiJHOU/+Po9q0MnYyOFBHaQXJPQRu0722zqYnsJXiA==

"@tauri-apps/cli-linux-x64-musl@1.0.0-rc.0":
  version "1.0.0-rc.0"
  resolved "https://registry.yarnpkg.com/@tauri-apps/cli-linux-x64-musl/-/cli-linux-x64-musl-1.0.0-rc.0.tgz#27d095a450f93f323e4f7080c2dbb76e7be3f996"
  integrity sha512-eXIkm/1stskiiRaFYpeiQbrmpaHKwNay8OE8YWAPcOH6PqC9uNqY0shAOwMb0l2LGDnRM94bG/YG8cEFe0Amtw==

"@tauri-apps/cli-win32-x64-msvc@1.0.0-rc.0":
  version "1.0.0-rc.0"
  resolved "https://registry.yarnpkg.com/@tauri-apps/cli-win32-x64-msvc/-/cli-win32-x64-msvc-1.0.0-rc.0.tgz#548d74a8bd9c91198a8995641a974538a92884d7"
  integrity sha512-v+wWtFeVgStK/JJPV0loNsEHNJW8TJ8mNt9bRQO8lyFYQx/X6iRWtO+Dq/dtXwLB83AbGs0D1JoHPfumpV6TYg==

"@tauri-apps/cli@^1.0.0-rc.0":
  version "1.0.0-rc.0"
  resolved "https://registry.yarnpkg.com/@tauri-apps/cli/-/cli-1.0.0-rc.0.tgz#9c95b8999d086ce748eea0c4e94d26c10b4167f9"
  integrity sha512-B7jzFSCnwtuukR/9cbrHeAUZVRVwmj38c85kkAq3z1KrgEv0b9LAKKWfUK93e2+DsRMe5y8UCJgCoygn5gMTSg==
  optionalDependencies:
    "@tauri-apps/cli-darwin-arm64" "1.0.0-rc.0"
    "@tauri-apps/cli-darwin-x64" "1.0.0-rc.0"
    "@tauri-apps/cli-linux-arm-gnueabihf" "1.0.0-rc.0"
    "@tauri-apps/cli-linux-arm64-gnu" "1.0.0-rc.0"
    "@tauri-apps/cli-linux-arm64-musl" "1.0.0-rc.0"
    "@tauri-apps/cli-linux-x64-gnu" "1.0.0-rc.0"
    "@tauri-apps/cli-linux-x64-musl" "1.0.0-rc.0"
    "@tauri-apps/cli-win32-x64-msvc" "1.0.0-rc.0"

type-fest@2.11.2:
  version "2.11.2"
  resolved "https://registry.yarnpkg.com/type-fest/-/type-fest-2.11.2.tgz#5534a919858bc517492cd3a53a673835a76d2e71"
  integrity sha512-reW2Y2Mpn0QNA/5fvtm5doROLwDPu2zOm5RtY7xQQS05Q7xgC8MOZ3yPNaP9m/s/sNjjFQtHo7VCNqYW2iI+Ig==
